{
    "name": "dfe-analytics-dataform",
    "version": "1.12.0",
    "lockfileVersion": 2,
    "requires": true,
    "packages": {
        "": {
            "name": "dfe-analytics-dataform",
            "dependencies": {
                "@dataform/core": "3.0.0-beta.5"
            }
        },
        "node_modules/@dataform/core": {
            "version": "3.0.0-beta.5",
            "resolved": "https://registry.npmjs.org/@dataform/core/-/core-3.0.0-beta.5.tgz",
            "integrity": "sha512-t9i0lIhfHG1gNZY/sYokZ5kpzsYWMTPPBa2r1+ZZaY3Um8SFK7rc84ckGlvtv81n4r7U4yunaz9pMpqNb4Gyng=="
        }
    },
    "dependencies": {
        "@dataform/core": {
            "version": "3.0.0-beta.5",
            "resolved": "https://registry.npmjs.org/@dataform/core/-/core-3.0.0-beta.5.tgz",
            "integrity": "sha512-t9i0lIhfHG1gNZY/sYokZ5kpzsYWMTPPBa2r1+ZZaY3Um8SFK7rc84ckGlvtv81n4r7U4yunaz9pMpqNb4Gyng=="
        }
    }
}
