{
    "name": "no-name-set",
    "lockfileVersion": 2,
    "requires": true,
    "packages": {
        "": {
            "dependencies": {
                "@dataform/core": "3.0.0-beta.0"
            }
        },
        "node_modules/@dataform/core": {
            "version": "3.0.0-beta.0",
            "resolved": "https://registry.npmjs.org/@dataform/core/-/core-3.0.0-beta.0.tgz",
            "integrity": "sha512-l5S3hSR+ZAfmXHk7JVl10XA4VcgG8j6PPBxxr0eUaUzMfxwyqc8DvFvlFtDbu2WMRwBBbkNBfjYVgFgVyyc69g=="
        }
    },
    "dependencies": {
        "@dataform/core": {
            "version": "3.0.0-beta.0",
            "resolved": "https://registry.npmjs.org/@dataform/core/-/core-3.0.0-beta.0.tgz",
            "integrity": "sha512-l5S3hSR+ZAfmXHk7JVl10XA4VcgG8j6PPBxxr0eUaUzMfxwyqc8DvFvlFtDbu2WMRwBBbkNBfjYVgFgVyyc69g=="
        }
    }
}
